
Microsoft Visual Studio Solution File, Format Version 12.00
# Visual Studio Version 16
VisualStudioVersion = 16.0.31702.278
MinimumVisualStudioVersion = 10.0.40219.1
Project("{9A19103F-16F7-4668-BE54-9A1E7A4F7556}") = "libreriaClases", "libreriaBasica\libreriaClases.csproj", "{E0F2319C-928D-4824-9723-A1B750D39461}"
EndProject
Project("{9A19103F-16F7-4668-BE54-9A1E7A4F7556}") = "Interfaces", "Interfaces\Interfaces.csproj", "{5941E22C-9581-48F2-B7A6-0E4730D0EF46}"
EndProject
Project("{9A19103F-16F7-4668-BE54-9A1E7A4F7556}") = "Data", "Data\Data.csproj", "{286E014E-CF47-48B0-AC4B-F67002A79780}"
EndProject
Project("{FAE04EC0-301F-11D3-BF4B-00C04F79EFBC}") = "DataTest", "DataTest\DataTest.csproj", "{A49AB2DE-5798-4CF5-B7C2-F0828FCFAE33}"
EndProject
Project("{FAE04EC0-301F-11D3-BF4B-00C04F79EFBC}") = "libreriaClasesTest", "libreriaClasesTest\libreriaClasesTest.csproj", "{9CF2DEF5-A767-419C-BA60-BF38FBF7D5DE}"
EndProject
Project("{FAE04EC0-301F-11D3-BF4B-00C04F79EFBC}") = "www", "www\www.csproj", "{235028B7-7213-4B4B-9DFC-D55E65BCD6BC}"
EndProject
Global
	GlobalSection(SolutionConfigurationPlatforms) = preSolution
		Debug|Any CPU = Debug|Any CPU
		Release|Any CPU = Release|Any CPU
	EndGlobalSection
	GlobalSection(ProjectConfigurationPlatforms) = postSolution
		{E0F2319C-928D-4824-9723-A1B750D39461}.Debug|Any CPU.ActiveCfg = Debug|Any CPU
		{E0F2319C-928D-4824-9723-A1B750D39461}.Debug|Any CPU.Build.0 = Debug|Any CPU
		{E0F2319C-928D-4824-9723-A1B750D39461}.Release|Any CPU.ActiveCfg = Release|Any CPU
		{E0F2319C-928D-4824-9723-A1B750D39461}.Release|Any CPU.Build.0 = Release|Any CPU
		{5941E22C-9581-48F2-B7A6-0E4730D0EF46}.Debug|Any CPU.ActiveCfg = Debug|Any CPU
		{5941E22C-9581-48F2-B7A6-0E4730D0EF46}.Debug|Any CPU.Build.0 = Debug|Any CPU
		{5941E22C-9581-48F2-B7A6-0E4730D0EF46}.Release|Any CPU.ActiveCfg = Release|Any CPU
		{5941E22C-9581-48F2-B7A6-0E4730D0EF46}.Release|Any CPU.Build.0 = Release|Any CPU
		{286E014E-CF47-48B0-AC4B-F67002A79780}.Debug|Any CPU.ActiveCfg = Debug|Any CPU
		{286E014E-CF47-48B0-AC4B-F67002A79780}.Debug|Any CPU.Build.0 = Debug|Any CPU
		{286E014E-CF47-48B0-AC4B-F67002A79780}.Release|Any CPU.ActiveCfg = Release|Any CPU
		{286E014E-CF47-48B0-AC4B-F67002A79780}.Release|Any CPU.Build.0 = Release|Any CPU
		{A49AB2DE-5798-4CF5-B7C2-F0828FCFAE33}.Debug|Any CPU.ActiveCfg = Debug|Any CPU
		{A49AB2DE-5798-4CF5-B7C2-F0828FCFAE33}.Debug|Any CPU.Build.0 = Debug|Any CPU
		{A49AB2DE-5798-4CF5-B7C2-F0828FCFAE33}.Release|Any CPU.ActiveCfg = Release|Any CPU
		{A49AB2DE-5798-4CF5-B7C2-F0828FCFAE33}.Release|Any CPU.Build.0 = Release|Any CPU
		{9CF2DEF5-A767-419C-BA60-BF38FBF7D5DE}.Debug|Any CPU.ActiveCfg = Debug|Any CPU
		{9CF2DEF5-A767-419C-BA60-BF38FBF7D5DE}.Debug|Any CPU.Build.0 = Debug|Any CPU
		{9CF2DEF5-A767-419C-BA60-BF38FBF7D5DE}.Release|Any CPU.ActiveCfg = Release|Any CPU
		{9CF2DEF5-A767-419C-BA60-BF38FBF7D5DE}.Release|Any CPU.Build.0 = Release|Any CPU
		{235028B7-7213-4B4B-9DFC-D55E65BCD6BC}.Debug|Any CPU.ActiveCfg = Debug|Any CPU
		{235028B7-7213-4B4B-9DFC-D55E65BCD6BC}.Debug|Any CPU.Build.0 = Debug|Any CPU
		{235028B7-7213-4B4B-9DFC-D55E65BCD6BC}.Release|Any CPU.ActiveCfg = Release|Any CPU
		{235028B7-7213-4B4B-9DFC-D55E65BCD6BC}.Release|Any CPU.Build.0 = Release|Any CPU
	EndGlobalSection
	GlobalSection(SolutionProperties) = preSolution
		HideSolutionNode = FALSE
	EndGlobalSection
	GlobalSection(ExtensibilityGlobals) = postSolution
		SolutionGuid = {660680AA-C936-48ED-9F5D-1CF5BD380442}
	EndGlobalSection
EndGlobal
